
Microsoft Visual Studio Solution File, Format Version 12.00
# Visual Studio Version 17
VisualStudioVersion = 17.4.33110.190
MinimumVisualStudioVersion = 10.0.40219.1
Project("{9A19103F-16F7-4668-BE54-9A1E7A4F7556}") = "CollisionEditor", "CollisionEditor\CollisionEditor.csproj", "{D061FD9E-7DDD-4246-AD08-5658BE919B1C}"
EndProject
Project("{2150E333-8FDC-42A3-9474-1A3956D46DE8}") = "Solution Items", "Solution Items", "{C035B0D0-F213-4406-B6F9-070A696065A8}"
EndProject
Global
	GlobalSection(SolutionConfigurationPlatforms) = preSolution
		Debug|Any CPU = Debug|Any CPU
		Release|Any CPU = Release|Any CPU
	EndGlobalSection
	GlobalSection(ProjectConfigurationPlatforms) = postSolution
		{D061FD9E-7DDD-4246-AD08-5658BE919B1C}.Debug|Any CPU.ActiveCfg = Debug|Any CPU
		{D061FD9E-7DDD-4246-AD08-5658BE919B1C}.Debug|Any CPU.Build.0 = Debug|Any CPU
		{D061FD9E-7DDD-4246-AD08-5658BE919B1C}.Release|Any CPU.ActiveCfg = Release|Any CPU
		{D061FD9E-7DDD-4246-AD08-5658BE919B1C}.Release|Any CPU.Build.0 = Release|Any CPU
	EndGlobalSection
	GlobalSection(SolutionProperties) = preSolution
		HideSolutionNode = FALSE
	EndGlobalSection
	GlobalSection(ExtensibilityGlobals) = postSolution
		SolutionGuid = {579CE718-A352-421C-BA37-5E89D91FE0BE}
	EndGlobalSection
EndGlobal
